
Microsoft Visual Studio Solution File, Format Version 12.00
# Visual Studio Version 16
VisualStudioVersion = 16.0.31005.135
MinimumVisualStudioVersion = 10.0.40219.1
Project("{FAE04EC0-301F-11D3-BF4B-00C04F79EFBC}") = "BlazorCheckbox", "BlazorCheckbox\BlazorCheckbox.csproj", "{C9263F4C-0FD3-4F5B-868B-9ED5D32CA4F3}"
EndProject
Global
	GlobalSection(SolutionConfigurationPlatforms) = preSolution
		Debug|Any CPU = Debug|Any CPU
		Release|Any CPU = Release|Any CPU
	EndGlobalSection
	GlobalSection(ProjectConfigurationPlatforms) = postSolution
		{C9263F4C-0FD3-4F5B-868B-9ED5D32CA4F3}.Debug|Any CPU.ActiveCfg = Debug|Any CPU
		{C9263F4C-0FD3-4F5B-868B-9ED5D32CA4F3}.Debug|Any CPU.Build.0 = Debug|Any CPU
		{C9263F4C-0FD3-4F5B-868B-9ED5D32CA4F3}.Release|Any CPU.ActiveCfg = Release|Any CPU
		{C9263F4C-0FD3-4F5B-868B-9ED5D32CA4F3}.Release|Any CPU.Build.0 = Release|Any CPU
	EndGlobalSection
	GlobalSection(SolutionProperties) = preSolution
		HideSolutionNode = FALSE
	EndGlobalSection
	GlobalSection(ExtensibilityGlobals) = postSolution
		SolutionGuid = {B046C8F8-9285-4444-8941-5CF693C4991C}
	EndGlobalSection
EndGlobal
